// !$*UTF8*$!
{
	archiveVersion = 1;
	classes = {
	};
	objectVersion = 46;
	objects = {

/* Begin PBXBuildFile section */
		DCD0F6A71B397F5B00B648B3 /* ISO8601.swift in Sources */ = {isa = PBXBuildFile; fileRef = DCD0F6A61B397F5B00B648B3 /* ISO8601.swift */; };
/* End PBXBuildFile section */

/* Begin PBXCopyFilesBuildPhase section */
		DCD0F6A11B397F5B00B648B3 /* CopyFiles */ = {
			isa = PBXCopyFilesBuildPhase;
			buildActionMask = 2147483647;
			dstPath = /usr/share/man/man1/;
			dstSubfolderSpec = 0;
			files = (
			);
			runOnlyForDeploymentPostprocessing = 1;
		};
/* End PBXCopyFilesBuildPhase section */

/* Begin PBXFileReference section */
		DCD0F6A31B397F5B00B648B3 /* ISO8601 */ = {isa = PBXFileReference; explicitFileType = "compiled.mach-o.executable"; includeInIndex = 0; path = ISO8601; sourceTree = BUILT_PRODUCTS_DIR; };
		DCD0F6A61B397F5B00B648B3 /* ISO8601.swift */ = {isa = PBXFileReference; lastKnownFileType = sourcecode.swift; path = ISO8601.swift; sourceTree = "<group>"; };
		DCD0F6AD1B39870F00B648B3 /* ISO8601Playground.playground */ = {isa = PBXFileReference; lastKnownFileType = file.playground; path = ISO8601Playground.playground; sourceTree = "<group>"; };
/* End PBXFileReference section */

/* Begin PBXFrameworksBuildPhase section */
		DCD0F6A01B397F5B00B648B3 /* Frameworks */ = {
			isa = PBXFrameworksBuildPhase;
			buildActionMask = 2147483647;
			files = (
			);
			runOnlyForDeploymentPostprocessing = 0;
		};
/* End PBXFrameworksBuildPhase section */

/* Begin PBXGroup section */
		DCD0F69A1B397F5B00B648B3 = {
			isa = PBXGroup;
			children = (
				DCD0F6A51B397F5B00B648B3 /* ISO8601 */,
				DCD0F6A41B397F5B00B648B3 /* Products */,
			);
			sourceTree = "<group>";
		};
		DCD0F6A41B397F5B00B648B3 /* Products */ = {
			isa = PBXGroup;
			children = (
				DCD0F6A31B397F5B00B648B3 /* ISO8601 */,
			);
			name = Products;
			sourceTree = "<group>";
		};
		DCD0F6A51B397F5B00B648B3 /* ISO8601 */ = {
			isa = PBXGroup;
			children = (
				DCD0F6A61B397F5B00B648B3 /* ISO8601.swift */,
				DCD0F6AD1B39870F00B648B3 /* ISO8601Playground.playground */,
			);
			path = ISO8601;
			sourceTree = "<group>";
		};
/* End PBXGroup section */

/* Begin PBXNativeTarget section */
		DCD0F6A21B397F5B00B648B3 /* ISO8601 */ = {
			isa = PBXNativeTarget;
			buildConfigurationList = DCD0F6AA1B397F5B00B648B3 /* Build configuration list for PBXNativeTarget "ISO8601" */;
			buildPhases = (
				DCD0F69F1B397F5B00B648B3 /* Sources */,
				DCD0F6A01B397F5B00B648B3 /* Frameworks */,
				DCD0F6A11B397F5B00B648B3 /* CopyFiles */,
			);
			buildRules = (
			);
			dependencies = (
			);
			name = ISO8601;
			productName = ISO8601;
			productReference = DCD0F6A31B397F5B00B648B3 /* ISO8601 */;
			productType = "com.apple.product-type.tool";
		};
/* End PBXNativeTarget section */

/* Begin PBXProject section */
		DCD0F69B1B397F5B00B648B3 /* Project object */ = {
			isa = PBXProject;
			attributes = {
				LastUpgradeCheck = 0700;
				ORGANIZATIONNAME = "Miroslav Perovic";
				TargetAttributes = {
					DCD0F6A21B397F5B00B648B3 = {
						CreatedOnToolsVersion = 7.0;
					};
				};
			};
			buildConfigurationList = DCD0F69E1B397F5B00B648B3 /* Build configuration list for PBXProject "ISO8601" */;
			compatibilityVersion = "Xcode 3.2";
			developmentRegion = English;
			hasScannedForEncodings = 0;
			knownRegions = (
				en,
			);
			mainGroup = DCD0F69A1B397F5B00B648B3;
			productRefGroup = DCD0F6A41B397F5B00B648B3 /* Products */;
			projectDirPath = "";
			projectRoot = "";
			targets = (
				DCD0F6A21B397F5B00B648B3 /* ISO8601 */,
			);
		};
/* End PBXProject section */

/* Begin PBXSourcesBuildPhase section */
		DCD0F69F1B397F5B00B648B3 /* Sources */ = {
			isa = PBXSourcesBuildPhase;
			buildActionMask = 2147483647;
			files = (
				DCD0F6A71B397F5B00B648B3 /* ISO8601.swift in Sources */,
			);
			runOnlyForDeploymentPostprocessing = 0;
		};
/* End PBXSourcesBuildPhase section */

/* Begin XCBuildConfiguration section */
		DCD0F6A81B397F5B00B648B3 /* Debug */ = {
			isa = XCBuildConfiguration;
			buildSettings = {
				ALWAYS_SEARCH_USER_PATHS = NO;
				CLANG_CXX_LANGUAGE_STANDARD = "gnu++0x";
				CLANG_CXX_LIBRARY = "libc++";
				CLANG_ENABLE_MODULES = YES;
				CLANG_ENABLE_OBJC_ARC = YES;
				CLANG_WARN_BOOL_CONVERSION = YES;
				CLANG_WARN_CONSTANT_CONVERSION = YES;
				CLANG_WARN_DIRECT_OBJC_ISA_USAGE = YES_ERROR;
				CLANG_WARN_EMPTY_BODY = YES;
				CLANG_WARN_ENUM_CONVERSION = YES;
				CLANG_WARN_INT_CONVERSION = YES;
				CLANG_WARN_OBJC_ROOT_CLASS = YES_ERROR;
				CLANG_WARN_UNREACHABLE_CODE = YES;
				CLANG_WARN__DUPLICATE_METHOD_MATCH = YES;
				COPY_PHASE_STRIP = NO;
				DEBUG_INFORMATION_FORMAT = dwarf;
				ENABLE_STRICT_OBJC_MSGSEND = YES;
				ENABLE_TESTABILITY = YES;
				GCC_C_LANGUAGE_STANDARD = gnu99;
				GCC_DYNAMIC_NO_PIC = NO;
				GCC_NO_COMMON_BLOCKS = YES;
				GCC_OPTIMIZATION_LEVEL = 0;
				GCC_PREPROCESSOR_DEFINITIONS = (
					"DEBUG=1",
					"$(inherited)",
				);
				GCC_WARN_64_TO_32_BIT_CONVERSION = YES;
				GCC_WARN_ABOUT_RETURN_TYPE = YES_ERROR;
				GCC_WARN_UNDECLARED_SELECTOR = YES;
				GCC_WARN_UNINITIALIZED_AUTOS = YES_AGGRESSIVE;
				GCC_WARN_UNUSED_FUNCTION = YES;
				GCC_WARN_UNUSED_VARIABLE = YES;
				MACOSX_DEPLOYMENT_TARGET = 10.11;
				MTL_ENABLE_DEBUG_INFO = YES;
				ONLY_ACTIVE_ARCH = YES;
				SDKROOT = macosx;
				SWIFT_OPTIMIZATION_LEVEL = "-Onone";
			};
			name = Debug;
		};
		DCD0F6A91B397F5B00B648B3 /* Release */ = {
			isa = XCBuildConfiguration;
			buildSettings = {
				ALWAYS_SEARCH_USER_PATHS = NO;
				CLANG_CXX_LANGUAGE_STANDARD = "gnu++0x";
				CLANG_CXX_LIBRARY = "libc++";
				CLANG_ENABLE_MODULES = YES;
				CLANG_ENABLE_OBJC_ARC = YES;
				CLANG_WARN_BOOL_CONVERSION = YES;
				CLANG_WARN_CONSTANT_CONVERSION = YES;
				CLANG_WARN_DIRECT_OBJC_ISA_USAGE = YES_ERROR;
				CLANG_WARN_EMPTY_BODY = YES;
				CLANG_WARN_ENUM_CONVERSION = YES;
				CLANG_WARN_INT_CONVERSION = YES;
				CLANG_WARN_OBJC_ROOT_CLASS = YES_ERROR;
				CLANG_WARN_UNREACHABLE_CODE = YES;
				CLANG_WARN__DUPLICATE_METHOD_MATCH = YES;
				COPY_PHASE_STRIP = NO;
				DEBUG_INFORMATION_FORMAT = "dwarf-with-dsym";
				ENABLE_NS_ASSERTIONS = NO;
				ENABLE_STRICT_OBJC_MSGSEND = YES;
				GCC_C_LANGUAGE_STANDARD = gnu99;
				GCC_NO_COMMON_BLOCKS = YES;
				GCC_WARN_64_TO_32_BIT_CONVERSION = YES;
				GCC_WARN_ABOUT_RETURN_TYPE = YES_ERROR;
				GCC_WARN_UNDECLARED_SELECTOR = YES;
				GCC_WARN_UNINITIALIZED_AUTOS = YES_AGGRESSIVE;
				GCC_WARN_UNUSED_FUNCTION = YES;
				GCC_WARN_UNUSED_VARIABLE = YES;
				MACOSX_DEPLOYMENT_TARGET = 10.11;
				MTL_ENABLE_DEBUG_INFO = NO;
				SDKROOT = macosx;
			};
			name = Release;
		};
		DCD0F6AB1B397F5B00B648B3 /* Debug */ = {
			isa = XCBuildConfiguration;
			buildSettings = {
				PRODUCT_NAME = "$(TARGET_NAME)";
			};
			name = Debug;
		};
		DCD0F6AC1B397F5B00B648B3 /* Release */ = {
			isa = XCBuildConfiguration;
			buildSettings = {
				PRODUCT_NAME = "$(TARGET_NAME)";
			};
			name = Release;
		};
/* End XCBuildConfiguration section */

/* Begin XCConfigurationList section */
		DCD0F69E1B397F5B00B648B3 /* Build configuration list for PBXProject "ISO8601" */ = {
			isa = XCConfigurationList;
			buildConfigurations = (
				DCD0F6A81B397F5B00B648B3 /* Debug */,
				DCD0F6A91B397F5B00B648B3 /* Release */,
			);
			defaultConfigurationIsVisible = 0;
			defaultConfigurationName = Release;
		};
		DCD0F6AA1B397F5B00B648B3 /* Build configuration list for PBXNativeTarget "ISO8601" */ = {
			isa = XCConfigurationList;
			buildConfigurations = (
				DCD0F6AB1B397F5B00B648B3 /* Debug */,
				DCD0F6AC1B397F5B00B648B3 /* Release */,
			);
			defaultConfigurationIsVisible = 0;
		};
/* End XCConfigurationList section */
	};
	rootObject = DCD0F69B1B397F5B00B648B3 /* Project object */;
}
